schema: '2.0'
stages:
  featurization:
    cmd: python src/featurization.py
    deps:
    - path: data/raw
      md5: b0ba057757cf1cc5a1dda78f806d97ef.dir
      size: 943518051
      nfiles: 1657
    - path: src/featurization.py
      md5: 6156205360f2785aba08a01e3aa1ab32
      size: 15601
    params:
      params.yaml:
        featurization.seed: 42
    outs:
    - path: data/features
      md5: f7ce0803c212fd38ef098edb5d59f93b.dir
      size: 175374552
      nfiles: 3
  trainpredict:
    cmd: python src/train_predict.py
    deps:
    - path: data/features
      md5: f7ce0803c212fd38ef098edb5d59f93b.dir
      size: 175374552
      nfiles: 3
    - path: src/train_predict.py
      md5: 2f901920736d85ae57763f8dc2c39bf0
      size: 2433
    params:
      params.yaml:
        trainpredict.seed: 2022
        trainpredict.trials: 1
    outs:
    - path: data/models
      md5: 9cb2ae378336fdff4ffb94519fc108e8.dir
      size: 19864447
      nfiles: 3
    - path: data/subs
      md5: c297de7a15699f97d426bc94e74f0d6a.dir
      size: 26879
      nfiles: 1
  evaluation:
    cmd: python src/evaluate.py
    deps:
    - path: data/features
      md5: f7ce0803c212fd38ef098edb5d59f93b.dir
      size: 175374552
      nfiles: 3
    - path: src/evaluate.py
      md5: 5c709c355e7edf81b08ff615c8973cfb
      size: 7929
    outs:
    - path: data/prc.json
      md5: e18304a692665a9ea04bb536165bc5d2
      size: 82326
    - path: data/roc.json
      md5: 68f246a90ea643e608082d8f6eb6b43c
      size: 43619
    - path: data/scores.json
      md5: 5230e662cc8d9731c5e5f606210c2135
      size: 73
  download:
    cmd: python src/create_dataset.py
    deps:
    - path: src/create_dataset.py
      md5: fdd600262c876d1e4cc79cbad8311d87
      size: 1095
    outs:
    - path: data/raw
      md5: b0ba057757cf1cc5a1dda78f806d97ef.dir
      size: 943518051
      nfiles: 1657
